
Microsoft Visual Studio Solution File, Format Version 12.00
# Visual Studio Version 17
VisualStudioVersion = 17.1.32210.238
MinimumVisualStudioVersion = 10.0.40219.1
Project("{FAE04EC0-301F-11D3-BF4B-00C04F79EFBC}") = "FastReport.OpenSource.HtmlExporter", "FastReport.OpenSource.HtmlExporter\FastReport.OpenSource.HtmlExporter.csproj", "{0D345CB5-FEC9-4286-B601-F838E4033BD3}"
EndProject
Project("{FAE04EC0-301F-11D3-BF4B-00C04F79EFBC}") = "FastReport.OpenSource.HtmlExporter.Core", "FastReport.OpenSource.HtmlExporter.Core\FastReport.OpenSource.HtmlExporter.Core.csproj", "{510C331C-3373-43BE-B250-FCF655031DB3}"
EndProject
Global
	GlobalSection(SolutionConfigurationPlatforms) = preSolution
		Debug|Any CPU = Debug|Any CPU
		Release|Any CPU = Release|Any CPU
	EndGlobalSection
	GlobalSection(ProjectConfigurationPlatforms) = postSolution
		{0D345CB5-FEC9-4286-B601-F838E4033BD3}.Debug|Any CPU.ActiveCfg = Debug|Any CPU
		{0D345CB5-FEC9-4286-B601-F838E4033BD3}.Debug|Any CPU.Build.0 = Debug|Any CPU
		{0D345CB5-FEC9-4286-B601-F838E4033BD3}.Release|Any CPU.ActiveCfg = Release|Any CPU
		{0D345CB5-FEC9-4286-B601-F838E4033BD3}.Release|Any CPU.Build.0 = Release|Any CPU
		{510C331C-3373-43BE-B250-FCF655031DB3}.Debug|Any CPU.ActiveCfg = Debug|Any CPU
		{510C331C-3373-43BE-B250-FCF655031DB3}.Debug|Any CPU.Build.0 = Debug|Any CPU
		{510C331C-3373-43BE-B250-FCF655031DB3}.Release|Any CPU.ActiveCfg = Release|Any CPU
		{510C331C-3373-43BE-B250-FCF655031DB3}.Release|Any CPU.Build.0 = Release|Any CPU
	EndGlobalSection
	GlobalSection(SolutionProperties) = preSolution
		HideSolutionNode = FALSE
	EndGlobalSection
	GlobalSection(ExtensibilityGlobals) = postSolution
		SolutionGuid = {BEDDEE68-916B-406A-82F7-5DA8484F46A4}
	EndGlobalSection
EndGlobal
